{
  "name": "jazzband",
  "version": "2018.11.0",
  "lockfileVersion": 1,
  "requires": true,
  "dependencies": {
    "@fortawesome/fontawesome-free": {
      "version": "5.6.3",
      "resolved": "https://registry.npmjs.org/@fortawesome/fontawesome-free/-/fontawesome-free-5.6.3.tgz",
      "integrity": "sha512-s5PLdI9NYgjBvfrv6rhirPHlAHWx+Sfo/IjsAeiXYfmemC/GSjwsyz1wLnGPazbLPXWfk62ks980o9AmsxYUEQ=="
    },
    "blazy": {
      "version": "1.8.2",
      "resolved": "https://registry.npmjs.org/blazy/-/blazy-1.8.2.tgz",
      "integrity": "sha1-UN/WOLqvkAPv1us6g2rKVBhKtto="
    }
  }
}
