[[package]]
category = "main"
description = "A database migration tool for SQLAlchemy."
name = "alembic"
optional = false
python-versions = ">=2.7, !=3.0.*, !=3.1.*, !=3.2.*, !=3.3.*"
version = "1.0.10"

[package.dependencies]
Mako = "*"
SQLAlchemy = ">=0.9.0"
python-dateutil = "*"
python-editor = ">=0.3"

[[package]]
category = "dev"
description = "Atomic file writes."
name = "atomicwrites"
optional = false
python-versions = ">=2.7, !=3.0.*, !=3.1.*, !=3.2.*, !=3.3.*"
version = "1.3.0"

[[package]]
category = "dev"
description = "Classes Without Boilerplate"
name = "attrs"
optional = false
python-versions = ">=2.7, !=3.0.*, !=3.1.*, !=3.2.*, !=3.3.*"
version = "19.1.0"

[[package]]
category = "main"
description = "Internationalization utilities"
name = "babel"
optional = false
python-versions = ">=2.7, !=3.0.*, !=3.1.*, !=3.2.*, !=3.3.*"
version = "2.6.0"

[package.dependencies]
pytz = ">=0a"

[[package]]
category = "main"
description = "An easy safelist-based HTML-sanitizing tool."
name = "bleach"
optional = false
python-versions = ">=2.7, !=3.0.*, !=3.1.*, !=3.2.*, !=3.3.*"
version = "3.1.0"

[package.dependencies]
six = ">=1.9.0"
webencodings = "*"

[[package]]
category = "main"
description = "Fast, simple object-to-object and broadcast signaling"
name = "blinker"
optional = false
python-versions = "*"
version = "1.4"

[[package]]
category = "main"
description = "Python bindings for the Brotli compression library"
name = "brotli"
optional = false
python-versions = "*"
version = "1.0.7"

[[package]]
category = "main"
description = "Python package for providing Mozilla's CA Bundle."
name = "certifi"
optional = false
python-versions = "*"
version = "2019.3.9"

[[package]]
category = "main"
description = "Universal encoding detector for Python 2 and 3"
name = "chardet"
optional = false
python-versions = "*"
version = "3.0.4"

[[package]]
category = "main"
description = "Composable command line interface toolkit"
name = "click"
optional = false
python-versions = ">=2.7, !=3.0.*, !=3.1.*, !=3.2.*, !=3.3.*"
version = "7.0"

[[package]]
category = "main"
description = "Logging integration for Click"
name = "click-log"
optional = false
python-versions = "*"
version = "0.3.2"

[package.dependencies]
click = "*"

[[package]]
category = "main"
description = "Cross-platform colored terminal text."
marker = "sys_platform == \"win32\""
name = "colorama"
optional = false
python-versions = ">=2.7, !=3.0.*, !=3.1.*, !=3.2.*, !=3.3.*"
version = "0.4.1"

[[package]]
category = "main"
description = "Subprocesses for Humans 2.0."
name = "delegator.py"
optional = false
python-versions = "*"
version = "0.1.1"

[package.dependencies]
pexpect = ">=4.1.0"

[[package]]
category = "main"
description = "Docutils -- Python Documentation Utilities"
name = "docutils"
optional = false
python-versions = "*"
version = "0.14"

[[package]]
category = "main"
description = "A simple framework for building complex web applications."
name = "flask"
optional = false
python-versions = "*"
version = "1.0.3"

[package.dependencies]
Jinja2 = ">=2.10"
Werkzeug = ">=0.14"
click = ">=5.1"
itsdangerous = ">=0.24"

[[package]]
category = "main"
description = "Simple and extensible admin interface framework for Flask"
name = "flask-admin"
optional = false
python-versions = "*"
version = "1.5.3"

[package.dependencies]
Flask = ">=0.7"
wtforms = "*"

[[package]]
category = "main"
description = "Asset management for Flask, to compress and merge CSS and Javascript files."
name = "flask-assets"
optional = false
python-versions = "*"
version = "0.12"

[package.dependencies]
Flask = ">=0.8"
webassets = ">=0.11.1"

[[package]]
category = "main"
description = "Adds caching support to your Flask application"
name = "flask-caching"
optional = false
python-versions = "*"
version = "1.7.1"

[package.dependencies]
Flask = "*"

[[package]]
category = "main"
description = "Compress responses in your Flask app with gzip."
name = "flask-compress"
optional = false
python-versions = "*"
version = "1.4.0"

[package.dependencies]
Flask = "*"

[[package]]
category = "main"
description = "Doing the OAuth dance with style using Flask, requests, and oauthlib"
name = "flask-dance"
optional = false
python-versions = "*"
version = "2.1.0"

[package.dependencies]
Flask = ">=0.7"
oauthlib = "*"
requests = ">=2.0"
requests-oauthlib = ">=1.0.0"
six = "*"
urlobject = "*"

[[package]]
category = "main"
description = "Provides flat static pages to a Flask application"
name = "flask-flatpages"
optional = false
python-versions = "*"
version = "0.7.1"

[package.dependencies]
Flask = ">1.0"
Jinja2 = ">=2.10.1"
Markdown = ">=2.5"
PyYAML = ">3.13"

[[package]]
category = "main"
description = "Server for GitHub webhooks using Flask"
name = "flask-hookserver"
optional = false
python-versions = "*"
version = "1.1.0"

[package.dependencies]
Flask = ">=0.9"
Werkzeug = ">=0.7"
requests = ">=2.3.0"

[[package]]
category = "main"
description = "Transparent server-side session support for flask"
name = "flask-kvsession"
optional = false
python-versions = "*"
version = "0.6.2"

[package.dependencies]
Flask = ">=0.8"
itsdangerous = ">=0.20"
simplekv = ">=0.9.2"
six = "*"
werkzeug = "*"

[[package]]
category = "main"
description = "User session management for Flask"
name = "flask-login"
optional = false
python-versions = "*"
version = "0.4.1"

[package.dependencies]
Flask = "*"

[[package]]
category = "main"
description = "Flask extension for sending email"
name = "flask-mail"
optional = false
python-versions = "*"
version = "0.9.1"

[package.dependencies]
Flask = "*"
blinker = "*"

[[package]]
category = "main"
description = "SQLAlchemy database migrations for Flask applications using Alembic"
name = "flask-migrate"
optional = false
python-versions = "*"
version = "2.5.1"

[package.dependencies]
Flask = ">=0.9"
Flask-SQLAlchemy = ">=1.0"
alembic = ">=0.7"

[[package]]
category = "main"
description = "Redis Extension for Flask Applications"
name = "flask-redis"
optional = false
python-versions = "*"
version = "0.3.0"

[package.dependencies]
Flask = ">=0.8"
redis = ">=2.7.6"

[[package]]
category = "main"
description = "Adds SQLAlchemy support to your Flask application."
name = "flask-sqlalchemy"
optional = false
python-versions = ">= 2.7, != 3.0.*, != 3.1.*, != 3.2.*, != 3.3.*"
version = "2.4.0"

[package.dependencies]
Flask = ">=0.10"
SQLAlchemy = ">=0.8.0"

[[package]]
category = "main"
description = "HTTP security headers for Flask."
name = "flask-talisman"
optional = false
python-versions = "*"
version = "0.6.0"

[package.dependencies]
six = ">=1.9.0"

[[package]]
category = "main"
description = "Simple integration of Flask and WTForms."
name = "flask-wtf"
optional = false
python-versions = "*"
version = "0.14.2"

[package.dependencies]
Flask = "*"
WTForms = "*"

[[package]]
category = "main"
description = "Honcho: a Python clone of Foreman. For managing Procfile-based applications."
name = "honcho"
optional = false
python-versions = "*"
version = "1.0.1"

[package.dependencies]
colorama = "*"

[[package]]
category = "main"
description = "Internationalized Domain Names in Applications (IDNA)"
name = "idna"
optional = false
python-versions = "*"
version = "2.7"

[[package]]
category = "main"
description = "Various helpers to pass data to untrusted environments and back."
name = "itsdangerous"
optional = false
python-versions = ">=2.7, !=3.0.*, !=3.1.*, !=3.2.*, !=3.3.*"
version = "1.1.0"

[[package]]
category = "main"
description = "A small but fast and easy to use stand-alone template engine written in pure python."
name = "jinja2"
optional = false
python-versions = "*"
version = "2.10.1"

[package.dependencies]
MarkupSafe = ">=0.23"

[[package]]
category = "main"
description = "Sass for Python: A straightforward binding of libsass for Python."
name = "libsass"
optional = false
python-versions = "*"
version = "0.19.1"

[package.dependencies]
six = "*"

[[package]]
category = "main"
description = "A super-fast templating language that borrows the  best ideas from the existing templating languages."
name = "mako"
optional = false
python-versions = ">=2.6"
version = "1.0.10"

[package.dependencies]
MarkupSafe = ">=0.9.2"

[[package]]
category = "main"
description = "Python implementation of Markdown."
name = "markdown"
optional = false
python-versions = ">=2.7,!=3.0.*,!=3.1.*,!=3.2.*,!=3.3.*,!=3.4.*"
version = "3.1.1"

[package.dependencies]
setuptools = ">=36"

[[package]]
category = "main"
description = "Safely add untrusted strings to HTML/XML markup."
name = "markupsafe"
optional = false
python-versions = ">=2.7,!=3.0.*,!=3.1.*,!=3.2.*,!=3.3.*"
version = "1.1.1"

[[package]]
category = "dev"
description = "More routines for operating on iterables, beyond itertools"
marker = "python_version > \"2.7\""
name = "more-itertools"
optional = false
python-versions = ">=3.4"
version = "7.0.0"

[[package]]
category = "main"
description = "A generic, spec-compliant, thorough implementation of the OAuth request-signing logic"
name = "oauthlib"
optional = false
python-versions = ">=2.7, !=3.0.*, !=3.1.*, !=3.2.*, !=3.3.*"
version = "3.0.1"

[[package]]
category = "main"
description = "Core utilities for Python packages"
name = "packaging"
optional = false
python-versions = ">=2.7, !=3.0.*, !=3.1.*, !=3.2.*, !=3.3.*"
version = "19.0"

[package.dependencies]
pyparsing = ">=2.0.2"
six = "*"

[[package]]
category = "main"
description = "Pexpect allows easy control of interactive console applications."
name = "pexpect"
optional = false
python-versions = "*"
version = "4.7.0"

[package.dependencies]
ptyprocess = ">=0.5"

[[package]]
category = "main"
description = "Query metadatdata from sdists / bdists / installed packages."
name = "pkginfo"
optional = false
python-versions = "*"
version = "1.5.0.1"

[[package]]
category = "dev"
description = "plugin and hook calling mechanisms for python"
name = "pluggy"
optional = false
python-versions = ">=2.7, !=3.0.*, !=3.1.*, !=3.2.*, !=3.3.*"
version = "0.11.0"

[[package]]
category = "main"
description = "psycopg2 - Python-PostgreSQL Database Adapter"
name = "psycopg2-binary"
optional = false
python-versions = ">=2.7,!=3.0.*,!=3.1.*,!=3.2.*,!=3.3.*"
version = "2.8.2"

[[package]]
category = "main"
description = "Run a subprocess in a pseudo terminal"
name = "ptyprocess"
optional = false
python-versions = "*"
version = "0.6.0"

[[package]]
category = "dev"
description = "library with cross-python path, ini-parsing, io, code, log facilities"
name = "py"
optional = false
python-versions = ">=2.7, !=3.0.*, !=3.1.*, !=3.2.*, !=3.3.*"
version = "1.8.0"

[[package]]
category = "main"
description = "A Python library for generating Atom 1.0 feeds."
name = "pyatom"
optional = false
python-versions = "*"
version = "1.4"

[[package]]
category = "main"
description = "Pygments is a syntax highlighting package written in Python."
name = "pygments"
optional = false
python-versions = ">=2.7, !=3.0.*, !=3.1.*, !=3.2.*, !=3.3.*, !=3.4.*"
version = "2.4.2"

[[package]]
category = "main"
description = "Python parsing module"
name = "pyparsing"
optional = false
python-versions = ">=2.6, !=3.0.*, !=3.1.*, !=3.2.*"
version = "2.4.0"

[[package]]
category = "dev"
description = "pytest: simple powerful testing with Python"
name = "pytest"
optional = false
python-versions = ">=2.7, !=3.0.*, !=3.1.*, !=3.2.*, !=3.3.*"
version = "4.5.0"

[package.dependencies]
atomicwrites = ">=1.0"
attrs = ">=17.4.0"
colorama = "*"
pluggy = ">=0.9,<0.10 || >0.10,<1.0"
py = ">=1.5.0"
setuptools = "*"
six = ">=1.10.0"
wcwidth = "*"

[package.dependencies.more-itertools]
python = ">=2.8"
version = ">=4.0.0"

[[package]]
category = "dev"
description = "pytest plugin for test data directories and files"
name = "pytest-datadir"
optional = false
python-versions = "*"
version = "1.3.0"

[package.dependencies]
pytest = ">=2.7.0"

[[package]]
category = "dev"
description = "A set of py.test fixtures to test Flask applications."
name = "pytest-flask"
optional = false
python-versions = "*"
version = "0.15.0"

[package.dependencies]
Flask = "*"
Werkzeug = ">=0.7"
pytest = ["*", ">=3.6"]

[[package]]
category = "dev"
description = "Thin-wrapper around the mock package for easier use with py.test"
name = "pytest-mock"
optional = false
python-versions = ">=2.7, !=3.0.*, !=3.1.*, !=3.2.*, !=3.3.*"
version = "1.10.4"

[package.dependencies]
pytest = ">=2.7"

[[package]]
category = "main"
description = "Extensions to the standard Python datetime module"
name = "python-dateutil"
optional = false
python-versions = ">=2.7, !=3.0.*, !=3.1.*, !=3.2.*"
version = "2.8.0"

[package.dependencies]
six = ">=1.5"

[[package]]
category = "main"
description = "Strict separation of settings from code."
name = "python-decouple"
optional = false
python-versions = "*"
version = "3.1"

[[package]]
category = "main"
description = "Programmatically open an editor, capture the result."
name = "python-editor"
optional = false
python-versions = "*"
version = "1.0.4"

[[package]]
category = "main"
description = "World timezone definitions, modern and historical"
name = "pytz"
optional = false
python-versions = "*"
version = "2019.1"

[[package]]
category = "main"
description = "The uWSGI server"
name = "pyuwsgi"
optional = false
python-versions = "*"
version = "2.0.18.post0"

[[package]]
category = "main"
description = "YAML parser and emitter for Python"
name = "pyyaml"
optional = false
python-versions = ">=2.7, !=3.0.*, !=3.1.*, !=3.2.*, !=3.3.*"
version = "5.1"

[[package]]
category = "main"
description = "readme_renderer is a library for rendering \"readme\" descriptions for Warehouse"
name = "readme-renderer"
optional = false
python-versions = "*"
version = "24.0"

[package.dependencies]
Pygments = "*"
bleach = ">=2.1.0"
docutils = ">=0.13.1"
six = "*"

[[package]]
category = "main"
description = "Python client for Redis key-value store"
name = "redis"
optional = false
python-versions = ">=2.7, !=3.0.*, !=3.1.*, !=3.2.*, !=3.3.*"
version = "3.2.1"

[[package]]
category = "main"
description = "Python HTTP for Humans."
name = "requests"
optional = false
python-versions = ">=2.7, !=3.0.*, !=3.1.*, !=3.2.*, !=3.3.*, !=3.4.*"
version = "2.22.0"

[package.dependencies]
certifi = ">=2017.4.17"
chardet = ">=3.0.2,<3.1.0"
idna = ">=2.5,<2.9"
urllib3 = ">=1.21.1,<1.25.0 || >1.25.0,<1.25.1 || >1.25.1,<1.26"

[[package]]
category = "main"
description = "OAuthlib authentication support for Requests."
name = "requests-oauthlib"
optional = false
python-versions = ">=2.7, !=3.0.*, !=3.1.*, !=3.2.*, !=3.3.*"
version = "1.2.0"

[package.dependencies]
oauthlib = ">=3.0.0"
requests = ">=2.0.0"

[[package]]
category = "main"
description = "A utility belt for advanced users of python-requests"
name = "requests-toolbelt"
optional = false
python-versions = "*"
version = "0.9.1"

[package.dependencies]
requests = ">=2.0.1,<3.0.0"

[[package]]
category = "main"
description = "Python client for Sentry (https://getsentry.com)"
name = "sentry-sdk"
optional = false
python-versions = "*"
version = "0.8.0"

[package.dependencies]
certifi = "*"
urllib3 = "*"

[[package]]
category = "main"
description = "A key-value storage for binary data, support many backends."
name = "simplekv"
optional = false
python-versions = "*"
version = "0.12.0"

[[package]]
category = "main"
description = "Python 2 and 3 compatibility utilities"
name = "six"
optional = false
python-versions = ">=2.6, !=3.0.*, !=3.1.*"
version = "1.12.0"

[[package]]
category = "main"
description = "Modern Redis task queue for Python 3"
name = "spinach"
optional = false
python-versions = "*"
version = "0.0.9"

[package.dependencies]
blinker = "*"
redis = "*"

[[package]]
category = "main"
description = "Database Abstraction Library"
name = "sqlalchemy"
optional = false
python-versions = ">=2.7, !=3.0.*, !=3.1.*, !=3.2.*, !=3.3.*"
version = "1.3.3"

[[package]]
category = "main"
description = "Various utility functions for SQLAlchemy."
name = "sqlalchemy-utils"
optional = false
python-versions = "*"
version = "0.33.11"

[package.dependencies]
SQLAlchemy = ">=1.0"
six = "*"

[[package]]
category = "main"
description = "Fast, Extensible Progress Meter"
name = "tqdm"
optional = false
python-versions = ">=2.6, !=3.0.*, !=3.1.*"
version = "4.32.1"

[[package]]
category = "main"
description = "Collection of utilities for publishing packages on PyPI"
name = "twine"
optional = false
python-versions = ">=2.7, !=3.0.*, !=3.1.*, !=3.2.*, !=3.3.*"
version = "1.13.0"

[package.dependencies]
pkginfo = ">=1.4.2"
readme-renderer = ">=21.0"
requests = ">=2.5.0,<2.15 || >2.15,<2.16 || >2.16"
requests-toolbelt = ">=0.8.0,<0.9.0 || >0.9.0"
setuptools = ">=0.7.0"
tqdm = ">=4.14"

[[package]]
category = "main"
description = "HTTP library with thread-safe connection pooling, file post, and more."
name = "urllib3"
optional = false
python-versions = ">=2.7, !=3.0.*, !=3.1.*, !=3.2.*, !=3.3.*, <4"
version = "1.25.3"

[[package]]
category = "main"
description = "A utility class for manipulating URLs."
name = "urlobject"
optional = false
python-versions = "*"
version = "2.4.3"

[[package]]
category = "main"
description = "walrus"
name = "walrus"
optional = false
python-versions = "*"
version = "0.7.1"

[package.dependencies]
redis = ">=3.0.0"

[[package]]
category = "dev"
description = "Measures number of Terminal column cells of wide-character codes"
name = "wcwidth"
optional = false
python-versions = "*"
version = "0.1.7"

[[package]]
category = "main"
description = "Media asset management for Python, with glue code for various web frameworks"
name = "webassets"
optional = false
python-versions = "*"
version = "0.12.1"

[[package]]
category = "main"
description = "Character encoding aliases for legacy web content"
name = "webencodings"
optional = false
python-versions = "*"
version = "0.5.1"

[[package]]
category = "main"
description = "The comprehensive WSGI web application library."
name = "werkzeug"
optional = false
python-versions = ">=2.7, !=3.0.*, !=3.1.*, !=3.2.*, !=3.3.*"
version = "0.15.4"

[[package]]
category = "main"
description = "Radically simplified static file serving for WSGI applications"
name = "whitenoise"
optional = false
python-versions = "*"
version = "4.1.2"

[[package]]
category = "main"
description = "A flexible forms validation and rendering library for Python web development."
name = "wtforms"
optional = false
python-versions = "*"
version = "2.2.1"

[metadata]
content-hash = "e4563362e5bf388a5ccf315877e6a9fc32101ad2a356672158af30bae6408c7d"
python-versions = "^3.6"

[metadata.hashes]
alembic = ["828dcaa922155a2b7166c4f36ec45268944e4055c86499bd14319b4c8c0094b7"]
atomicwrites = ["03472c30eb2c5d1ba9227e4c2ca66ab8287fbfbbda3888aa93dc2e28fc6811b4", "75a9445bac02d8d058d5e1fe689654ba5a6556a1dfd8ce6ec55a0ed79866cfa6"]
attrs = ["69c0dbf2ed392de1cb5ec704444b08a5ef81680a61cb899dc08127123af36a79", "f0b870f674851ecbfbbbd364d6b5cbdff9dcedbc7f3f5e18a6891057f21fe399"]
babel = ["6778d85147d5d85345c14a26aada5e478ab04e39b078b0745ee6870c2b5cf669", "8cba50f48c529ca3fa18cf81fa9403be176d374ac4d60738b839122dfaaa3d23"]
bleach = ["213336e49e102af26d9cde77dd2d0397afabc5a6bf2fed985dc35b5d1e285a16", "3fdf7f77adcf649c9911387df51254b813185e32b2c6619f690b593a617e19fa"]
blinker = ["471aee25f3992bd325afa3772f1063dbdbbca947a041b8b89466dc00d606f8b6"]
brotli = ["0538dc1744fd17c314d2adc409ea7d1b779783b89fd95bcfb0c2acc93a6ea5a7", "0970a47f471782912d7705160b2b0a9306e68e6fadf9cffcaeb42d8f0951e26c", "113f51658e6fe548dce4b3749f6ef6c24de4184ba9c10a909cbee4261c2a5da0", "1e1aa9c4d1558889f42749c8baf846007953bfd32c8209230cf1cd1f5ef33495", "2f2f4f78f29ac4a45d15b3d9fc3fd9705e0ad313a44b129f6e1d0c6916bad0e2", "3269f6de1dd150fd0cce1c158b61ff5ac06d627fd3ae9c6ea03aed26fbbff7ea", "50dd9ad2a2bb12da4e9002a438672d182f98e546e99952de80280a1e1729664f", "5519a4b01b1a4f965083cbfa2ef2b9774c5a5f352341c47b50776ad109423d72", "5eb27722d320370315971c427eb8aa7cc0791f2a458840d357ac653bd0ad3a14", "5f06b4d5b6f58e5b5c220c2f23cad034dc5efa51b01fde2351ced1605bd980e2", "72848d25a5f9e736db4af4512e0c3feecc094d57d241f8f1ae959115a2c39756", "743001bca75f4a6b4454be3510feca46f9d61a0c782a9bc2bc684bdb245e279e", "9d1c2dd27a1083fefd05b1b2f8df4a6bc2aaa6c21dd82cd41c8ae5e7c23a87f8", "a13ce9b419fe9f277c63f700efb0e444331509d1881b5610d2ba7e9080606967", "a19ef0952b9d2803df88dff07f45a6c92d5676afb9b8d69cf32232d684036d11", "ad766ca8b8c1419b71a22756b45264f45725c86133dc80a7cbe30b6b78c75620", "ad7963f261988ee0883816b6b9f206f11461c9b3cb5cfbca0c9ab5adc406d395", "c16201060c5a3f8742e3deae759014251ac92f382f82bc2a41dc079ff18c3f24", "c43b202f65891861a9a336984a103de25de235f756de69e32db893156f767013", "c675c6cce4295cb1a692f3de7416aacace7314e064b94bc86e93aceefce7fd3e", "d17cec0b992b1434f5f9df9986563605a4d1b1acd5574c87fc2ac014bcbd3316", "dc91f6129953861a73d9a65c52a8dd682b561a9ebaf65283541645cab6489917", "e2f4cbd1760d2bf2f30e396c2301999aab0191aec031a6a8a04950b2f575a536", "f192e6d3556714105c10486bbd6d045e38a0c04d9da3cef21e0a8dfd8e162df4", "f775b07026af2b1b0b5a8b05e41571cdcf3a315a67df265d60af301656a5425b", "f969ec7f56ba9636679e69ca07fba548312ccaca37412ee823c7f413541ad7e0", "f9dc52cd70907aafb99a773b66b156f2f995c7a0d284397c487c8b71ddbef2f9", "fc7212e36ebeb81aebf7949c92897b622490d7c0e333a479c0395591e7994600"]
certifi = ["59b7658e26ca9c7339e00f8f4636cdfe59d34fa37b9b04f6f9e9926b3cece1a5", "b26104d6835d1f5e49452a26eb2ff87fe7090b89dfcaee5ea2212697e1e1d7ae"]
chardet = ["84ab92ed1c4d4f16916e05906b6b75a6c0fb5db821cc65e70cbd64a3e2a5eaae", "fc323ffcaeaed0e0a02bf4d117757b98aed530d9ed4531e3e15460124c106691"]
click = ["2335065e6395b9e67ca716de5f7526736bfa6ceead690adf616d925bdc622b13", "5b94b49521f6456670fdb30cd82a4eca9412788a93fa6dd6df72c94d5a8ff2d7"]
click-log = ["16fd1ca3fc6b16c98cea63acf1ab474ea8e676849dc669d86afafb0ed7003124", "eee14dc37cdf3072158570f00406572f9e03e414accdccfccd4c538df9ae322c"]
colorama = ["05eed71e2e327246ad6b38c540c4a3117230b19679b875190486ddd2d721422d", "f8ac84de7840f5b9c4e3347b3c1eaa50f7e49c2b07596221daec5edaabbd7c48"]
"delegator.py" = ["814657d96b98a244c479e3d5f6e9e850ac333e85f807d6bc846e72bbb2537806", "e6cc9cedab9ae59b169ee0422e17231adedadb144e63c0b5a60e6ff8adf8521b"]
docutils = ["02aec4bd92ab067f6ff27a38a38a41173bf01bed8f89157768c1573f53e474a6", "51e64ef2ebfb29cae1faa133b3710143496eca21c530f3f71424d77687764274", "7a4bd47eaf6596e1295ecb11361139febe29b084a87bf005bf899f9a42edc3c6"]
flask = ["ad7c6d841e64296b962296c2c2dabc6543752985727af86a975072dea984b6f3", "e7d32475d1de5facaa55e3958bc4ec66d3762076b074296aa50ef8fdc5b9df61"]
flask-admin = ["ca0be6ec11a6913b73f656c65c444ae5be416c57c75638dd3199376ce6bc7422"]
flask-assets = ["6031527b89fb3509d1581d932affa5a79dd348cfffb58d0aef99a43461d47847"]
flask-caching = ["a21c3e98badfea57c9e91e3485ec0b0c029261ae4badbac876a65a834db6c368", "cc25b0800fb0ae4e3fcaaf12203263c564f41197593283669b81216089803a1b"]
flask-compress = ["468693f4ddd11ac6a41bca4eb5f94b071b763256d54136f77957cfee635badb3"]
flask-dance = ["666e93e0fd2ca2ff9e92c75448b33f9f204f941b8351ec499a52fa75bb180303", "7268cd64e247a5d0e582476e768171c85d90facca8c908329a8b7b897e8b0316", "cc7808c7dc2cfdc998248174d9beef96be544f1932d9b805ee80ff2c97f0815d"]
flask-flatpages = ["537f943f6761483ad0b617db3da39fc5e27fe77dadfa99fb7f11ba49c7a65adf", "66a3bf799519bee349c57702488677dc71efdd157a6dcddc5891d4da49f76bc0"]
flask-hookserver = ["6ace808bbbf62936293bcf791ee26ba1d4a8360d18b65fedecb1f51dff07dee6", "dcb41c3cafb053419ec60aee574d4f90c28c6fd3cab7131c7e2b86c6f87da9f2"]
flask-kvsession = ["9c0ee93fae089c45baeda0a3fd3ae32a96ee81c34996017749f8b3fd06df936c"]
flask-login = ["c815c1ac7b3e35e2081685e389a665f2c74d7e077cb93cecabaea352da4752ec"]
flask-mail = ["22e5eb9a940bf407bcf30410ecc3708f3c56cc44b29c34e1726fe85006935f41"]
flask-migrate = ["a08a92eaf2c5b1a49280bdc9faa1ac1d3538aeb65945adfdd45cc4789499b0d4", "e2217ff18b98df27adbf6cc51eaa5f074c9e22f06074b47ebc7b29d2f545eccc"]
flask-redis = ["56ebd5e69a42988e9a7a904f07b37cd625a7dbcdfbfe31797885c3c4a92516f5", "ffb8e636c7af0226a3074860200602850a5a871169bc53fcde05b7d973aad714"]
flask-sqlalchemy = ["0c9609b0d72871c540a7945ea559c8fdf5455192d2db67219509aed680a3d45a", "8631bbea987bc3eb0f72b1f691d47bd37ceb795e73b59ab48586d76d75a7c605"]
flask-talisman = ["5a88c0ee2b0d509610ae74cbd7059d91228ad56ab3e955813428fe8e63a3e195", "85c6688bcbc8de6c37b86bfb60db2da295ee1935c2ed27ca16396792ab45a3ef"]
flask-wtf = ["5d14d55cfd35f613d99ee7cba0fc3fbbe63ba02f544d349158c14ca15561cc36", "d9a9e366b32dcbb98ef17228e76be15702cd2600675668bca23f63a7947fd5ac"]
honcho = ["af5806bf13e3b20acdcb9ff8c0beb91eee6fe07393c3448dfad89667e6ac7576", "c189402ad2e337777283c6a12d0f4f61dc6dd20c254c9a3a4af5087fc66cea6e"]
idna = ["156a6814fb5ac1fc6850fb002e0852d56c0c8d2531923a51032d1b70760e186e", "684a38a6f903c1d71d6d5fac066b58d7768af4de2b832e426ec79c30daa94a16"]
itsdangerous = ["321b033d07f2a4136d3ec762eac9f16a10ccd60f53c0c91af90217ace7ba1f19", "b12271b2047cb23eeb98c8b5622e2e5c5e9abd9784a153e9d8ef9cb4dd09d749"]
jinja2 = ["065c4f02ebe7f7cf559e49ee5a95fb800a9e4528727aec6f24402a5374c65013", "14dd6caf1527abb21f08f86c784eac40853ba93edb79552aa1e4b8aef1b61c7b"]
libsass = ["000de439948e001934f697c51c025a6842e43c212974b6a2d5218f057114f5be", "049097611c246364dcad1e44986a3bb565e39ddffe64fb3956570161a995020e", "1813dadccbe22afe56da7ce495db19117b59c50c13688fbcc1b92070b94d33ed", "25b88650f3f13fcd5d5e5d3b4c12c6e77136acd36cf0c26ef4b1bd4eac71bd70", "2d2630bc6fa94106cd69a72c46c10e3f7378922aed988a058ca8fc672765fac7", "53570a2505794c191de1484a9c407359cd12f797a3ef50e474a95f66915a51c4", "69c86e98fb11ab74356dc054be61ae1ce6882b0dece5be409bb5ba7b1b696885", "703bf25e5065bc8f45154fe828eee24ab7e14660088c2784e09741aecab118f9", "7179a3862fb8e2cc5d1f7e97fed0a2afed49141df1949f43fbf7c9516c48d064", "8ac0910a43758097c816bdf9f7af85e564aff49c64ef9571be036cb599fe510a", "ac1188c967b7c4aff23be32974c688cd55b8d9771ee6c988b39e557508c3b3f2", "b1890110043c11d11640d97334946975d7f43494dc46076c50fb5c7701878cab", "b7215262984cc3f692e705564ab5405841a51cfca1408062ae9776ef4b4dabff", "becb4c41f7edda34312d27787bcff4c9363a4f877bf87476dd863a0d7cf7bbef", "dc75c1ed7f7863f9c23009002713fcc75331f50eb7e32e7aa1e21cc5d17071f1"]
mako = ["7165919e78e1feb68b4dbe829871ea9941398178fa58e6beedb9ba14acf63965"]
markdown = ["2e50876bcdd74517e7b71f3e7a76102050edec255b3983403f1a63e7c8a41e7a", "56a46ac655704b91e5b7e6326ce43d5ef72411376588afa1dd90e881b83c7e8c"]
markupsafe = ["00bc623926325b26bb9605ae9eae8a215691f33cae5df11ca5424f06f2d1f473", "09027a7803a62ca78792ad89403b1b7a73a01c8cb65909cd876f7fcebd79b161", "09c4b7f37d6c648cb13f9230d847adf22f8171b1ccc4d5682398e77f40309235", "1027c282dad077d0bae18be6794e6b6b8c91d58ed8a8d89a89d59693b9131db5", "24982cc2533820871eba85ba648cd53d8623687ff11cbb805be4ff7b4c971aff", "29872e92839765e546828bb7754a68c418d927cd064fd4708fab9fe9c8bb116b", "43a55c2930bbc139570ac2452adf3d70cdbb3cfe5912c71cdce1c2c6bbd9c5d1", "46c99d2de99945ec5cb54f23c8cd5689f6d7177305ebff350a58ce5f8de1669e", "500d4957e52ddc3351cabf489e79c91c17f6e0899158447047588650b5e69183", "535f6fc4d397c1563d08b88e485c3496cf5784e927af890fb3c3aac7f933ec66", "62fe6c95e3ec8a7fad637b7f3d372c15ec1caa01ab47926cfdf7a75b40e0eac1", "6dd73240d2af64df90aa7c4e7481e23825ea70af4b4922f8ede5b9e35f78a3b1", "717ba8fe3ae9cc0006d7c451f0bb265ee07739daf76355d06366154ee68d221e", "79855e1c5b8da654cf486b830bd42c06e8780cea587384cf6545b7d9ac013a0b", "7c1699dfe0cf8ff607dbdcc1e9b9af1755371f92a68f706051cc8c37d447c905", "88e5fcfb52ee7b911e8bb6d6aa2fd21fbecc674eadd44118a9cc3863f938e735", "8defac2f2ccd6805ebf65f5eeb132adcf2ab57aa11fdf4c0dd5169a004710e7d", "98c7086708b163d425c67c7a91bad6e466bb99d797aa64f965e9d25c12111a5e", "9add70b36c5666a2ed02b43b335fe19002ee5235efd4b8a89bfcf9005bebac0d", "9bf40443012702a1d2070043cb6291650a0841ece432556f784f004937f0f32c", "ade5e387d2ad0d7ebf59146cc00c8044acbd863725f887353a10df825fc8ae21", "b00c1de48212e4cc9603895652c5c410df699856a2853135b3967591e4beebc2", "b1282f8c00509d99fef04d8ba936b156d419be841854fe901d8ae224c59f0be5", "b2051432115498d3562c084a49bba65d97cf251f5a331c64a12ee7e04dacc51b", "ba59edeaa2fc6114428f1637ffff42da1e311e29382d81b339c1817d37ec93c6", "c8716a48d94b06bb3b2524c2b77e055fb313aeb4ea620c8dd03a105574ba704f", "cd5df75523866410809ca100dc9681e301e3c27567cf498077e8551b6d20e42f", "e249096428b3ae81b08327a63a485ad0878de3fb939049038579ac0ef61e17e7"]
more-itertools = ["2112d2ca570bb7c3e53ea1a35cd5df42bb0fd10c45f0fb97178679c3c03d64c7", "c3e4748ba1aad8dba30a4886b0b1a2004f9a863837b8654e7059eebf727afa5a"]
oauthlib = ["0ce32c5d989a1827e3f1148f98b9085ed2370fc939bf524c9c851d8714797298", "3e1e14f6cde7e5475128d30e97edc3bfb4dc857cb884d8714ec161fdbb3b358e"]
packaging = ["0c98a5d0be38ed775798ece1b9727178c4469d9c3b4ada66e8e6b7849f8732af", "9e1cbf8c12b1f1ce0bb5344b8d7ecf66a6f8a6e91bcb0c84593ed6d3ab5c4ab3"]
pexpect = ["2094eefdfcf37a1fdbfb9aa090862c1a4878e5c7e0e7e7088bdb511c558e5cd1", "9e2c1fd0e6ee3a49b28f95d4b33bc389c89b20af6a1255906e90ff1262ce62eb"]
pkginfo = ["7424f2c8511c186cd5424bbf31045b77435b37a8d604990b79d4e70d741148bb", "a6d9e40ca61ad3ebd0b72fbadd4fba16e4c0e4df0428c041e01e06eb6ee71f32"]
pluggy = ["25a1bc1d148c9a640211872b4ff859878d422bccb59c9965e04eed468a0aa180", "964cedd2b27c492fbf0b7f58b3284a09cf7f99b0f715941fb24a439b3af1bd1a"]
psycopg2-binary = ["007ca0df127b1862fc010125bc4100b7a630efc6841047bd11afceadb4754611", "03c49e02adf0b4d68f422fdbd98f7a7c547beb27e99a75ed02298f85cb48406a", "0a1232cdd314e08848825edda06600455ad2a7adaa463ebfb12ece2d09f3370e", "131c80d0958c89273d9720b9adf9df1d7600bb3120e16019a7389ab15b079af5", "2de34cc3b775724623f86617d2601308083176a495f5b2efc2bbb0da154f483a", "2eddc31500f73544a2a54123d4c4b249c3c711d31e64deddb0890982ea37397a", "484f6c62bdc166ee0e5be3aa831120423bf399786d1f3b0304526c86180fbc0b", "4c2d9369ed40b4a44a8ccd6bc3a7db6272b8314812d2d1091f95c4c836d92e06", "70f570b5fa44413b9f30dbc053d17ef3ce6a4100147a10822f8662e58d473656", "7a2b5b095f3bd733aab101c89c0e1a3f0dfb4ebdc26f6374805c086ffe29d5b2", "804914a669186e2843c1f7fbe12b55aad1b36d40a28274abe6027deffad9433d", "8520c03172da18345d012949a53617a963e0191ccb3c666f23276d5326af27b5", "90da901fc33ea393fc644607e4a3916b509387e9339ec6ebc7bfded45b7a0ae9", "a582416ad123291a82c300d1d872bdc4136d69ad0b41d57dc5ca3df7ef8e3088", "ac8c5e20309f4989c296d62cac20ee456b69c41fd1bc03829e27de23b6fa9dd0", "b2cf82f55a619879f8557fdaae5cec7a294fac815e0087c4f67026fdf5259844", "b59d6f8cfca2983d8fdbe457bf95d2192f7b7efdb2b483bf5fa4e8981b04e8b2", "be08168197021d669b9964bd87628fa88f910b1be31e7010901070f2540c05fd", "be0f952f1c365061041bad16e27e224e29615d4eb1fb5b7e7760a1d3d12b90b6", "c1c9a33e46d7c12b9c96cf2d4349d783e3127163fd96254dcd44663cf0a1d438", "d18c89957ac57dd2a2724ecfe9a759912d776f96ecabba23acb9ecbf5c731035", "d7e7b0ff21f39433c50397e60bf0995d078802c591ca3b8d99857ea18a7496ee", "da0929b2bf0d1f365345e5eb940d8713c1d516312e010135b14402e2a3d2404d", "de24a4962e361c512d3e528ded6c7480eab24c655b8ca1f0b761d3b3650d2f07", "e45f93ff3f7dae2202248cf413a87aeb330821bf76998b3cf374eda2fc893dd7", "f046aeae1f7a845041b8661bb7a52449202b6c5d3fb59eb4724e7ca088811904", "f1dc2b7b2748084b890f5d05b65a47cd03188824890e9a60818721fd492249fb", "fcbe7cf3a786572b73d2cd5f34ed452a5f5fac47c9c9d1e0642c457a148f9f88"]
ptyprocess = ["923f299cc5ad920c68f2bc0bc98b75b9f838b93b599941a6b63ddbc2476394c0", "d7cc528d76e76342423ca640335bd3633420dc1366f258cb31d05e865ef5ca1f"]
py = ["64f65755aee5b381cea27766a3a147c3f15b9b6b9ac88676de66ba2ae36793fa", "dc639b046a6e2cff5bbe40194ad65936d6ba360b52b3c3fe1d08a82dd50b5e53"]
pyatom = ["dbf05b5c30138ac720acf2cb77af819477e554607fa12ade0d8bb764c5756bf3"]
pygments = ["71e430bc85c88a430f000ac1d9b331d2407f681d6f6aec95e8bcfbc3df5b0127", "881c4c157e45f30af185c1ffe8d549d48ac9127433f2c380c24b84572ad66297"]
pyparsing = ["1873c03321fc118f4e9746baf201ff990ceb915f433f23b395f5580d1840cb2a", "9b6323ef4ab914af344ba97510e966d64ba91055d6b9afa6b30799340e89cc03"]
pytest = ["1a8aa4fa958f8f451ac5441f3ac130d9fc86ea38780dd2715e6d5c5882700b24", "b8bf138592384bd4e87338cb0f256bf5f615398a649d4bd83915f0e4047a5ca6"]
pytest-datadir = ["275f641dbb045896c7d185cfbe79afd15270eed09d334c2ceb17396e634e22dd", "870511dd6bbfa1aa3b32a2e76bdd7fdb0239fac377b02c694338c6c184dd8c20"]
pytest-flask = ["283730b469604ecb94caac28df99a40b7c785b828dd8d3323596718b51dfaeb2", "d874781b622210d8c5d8061cdb091cb059fcb12203125110bd8e6f9256ccbf49"]
pytest-mock = ["43ce4e9dd5074993e7c021bb1c22cbb5363e612a2b5a76bc6d956775b10758b7", "5bf5771b1db93beac965a7347dc81c675ec4090cb841e49d9d34637a25c30568"]
python-dateutil = ["7e6584c74aeed623791615e26efd690f29817a27c73085b78e4bad02493df2fb", "c89805f6f4d64db21ed966fda138f8a5ed7a4fdbc1a8ee329ce1b74e3c74da9e"]
python-decouple = ["1317df14b43efee4337a4aa02914bf004f010cd56d6c4bd894e6474ec8c4fe2d"]
python-editor = ["1bf6e860a8ad52a14c3ee1252d5dc25b2030618ed80c022598f00176adc8367d", "51fda6bcc5ddbbb7063b2af7509e43bd84bfc32a4ff71349ec7847713882327b", "5f98b069316ea1c2ed3f67e7f5df6c0d8f10b689964a4a811ff64f0106819ec8", "c3da2053dbab6b29c94e43c486ff67206eafbe7eb52dbec7390b5e2fb05aac77", "ea87e17f6ec459e780e4221f295411462e0d0810858e055fc514684350a2f522"]
pytz = ["303879e36b721603cc54604edcac9d20401bdbe31e1e4fdee5b9f98d5d31dfda", "d747dd3d23d77ef44c6a3526e274af6efeb0a6f1afd5a69ba4d5be4098c8e141"]
pyuwsgi = ["15a4626740753b0d0dfeeac7d367f9b2e89ab6af16c195927e60f75359fc1bbc", "24c40c3b889eb9f283d43feffbc0f7c7fc024e914451425156ddb68af3df1e71", "393737bd43a7e38f0a4a1601a37a69c4bf893635b37665ff958170fdb604fdb7", "5a08308f87e639573c1efaa5966a6d04410cd45a73c4586a932fe3ee4b56369d", "5f4b36c0dbb9931c4da8008aa423158be596e3b4a23cec95a958631603a94e45", "7c31794f71bbd0ccf542cab6bddf38aa69e84e31ae0f9657a2e18ebdc150c01a", "802ec6dad4b6707b934370926ec1866603abe31ba03c472f56149001b3533ba1", "814d73d4569add69a6c19bb4a27cd5adb72b196e5e080caed17dbda740402072", "829299cd117cf8abe837796bf587e61ce6bfe18423a3a1c510c21e9825789c2c", "85f2210ceae5f48b7d8fad2240d831f4b890cac85cd98ca82683ac6aa481dfc8", "861c94442b28cd64af033e88e0f63c66dbd5609f67952dc18694098b47a43f3a", "957bc6316ffc8463795d56d9953d58e7f32aa5aad1c5ac80bc45c69f3299961e", "9760c3f56fb5f15852d163429096600906478e9ed2c189a52f2bb21d8a2a986c", "a4b24703ea818196d0be1dc64b3b57b79c67e8dee0cfa207a4216220912035a7", "ad7f4968c1ddbf139a306d9b075360d959cc554d994ba5e1f512af9a40e62357", "b1127d34b90f74faf1707718c57a4193ac028b9f4aec0238638983132297d456", "bcb04d6ec644b3e08d03c64851e06edd7110489261e50627a4bcadf66ff6920e", "bebfebb9ee83d7cf37668bf54275b677b7ae283e84a944f9f3ac6a4b66f95d4b", "c29892dafc65a8b6eb95823fa4bac7754ca3fd1c28ab8d2a973289531b340a27", "cb296b50b51ba022b0090b28d032ff1dd395a6db03672b65a39e83532edad527", "ce777ebdf49ce736fc04abf555b5c41ab3f130127543a689dcf8d4871cd18fe4", "d8b4bf930b6a19bc9ee982b9163d948c87501ad91b71516924e8ed25fe85d2ee", "e2a420f2c4d35f3ec0b7e752a80d7bd385e2c5a64f67c05f2d2d74230e3114b6", "fed899ce96f4f2b4d1b9f338dd145a4040ee1d8a5152213af0dd8d4a4d36e9fe"]
pyyaml = ["1adecc22f88d38052fb787d959f003811ca858b799590a5eaa70e63dca50308c", "436bc774ecf7c103814098159fbb84c2715d25980175292c648f2da143909f95", "460a5a4248763f6f37ea225d19d5c205677d8d525f6a83357ca622ed541830c2", "5a22a9c84653debfbf198d02fe592c176ea548cccce47553f35f466e15cf2fd4", "7a5d3f26b89d688db27822343dfa25c599627bc92093e788956372285c6298ad", "9372b04a02080752d9e6f990179a4ab840227c6e2ce15b95e1278456664cf2ba", "a5dcbebee834eaddf3fa7366316b880ff4062e4bcc9787b78c7fbb4a26ff2dd1", "aee5bab92a176e7cd034e57f46e9df9a9862a71f8f37cad167c6fc74c65f5b4e", "c51f642898c0bacd335fc119da60baae0824f2cde95b0330b56c0553439f0673", "c68ea4d3ba1705da1e0d85da6684ac657912679a649e8868bd850d2c299cce13", "e23d0cc5299223dcc37885dae624f382297717e459ea24053709675a976a3e19"]
readme-renderer = ["bb16f55b259f27f75f640acf5e00cf897845a8b3e4731b5c1a436e4b8529202f", "c8532b79afc0375a85f10433eca157d6b50f7d6990f337fa498c96cd4bfc203d"]
redis = ["6946b5dca72e86103edc8033019cc3814c031232d339d5f4533b02ea85685175", "8ca418d2ddca1b1a850afa1680a7d2fd1f3322739271de4b704e0d4668449273"]
requests = ["11e007a8a2aa0323f5a921e9e6a2d7e4e67d9877e85773fba9ba6419025cbeb4", "9cf5292fcd0f598c671cfc1e0d7d1a7f13bb8085e9a590f48c010551dc6c4b31"]
requests-oauthlib = ["bd6533330e8748e94bf0b214775fed487d309b8b8fe823dc45641ebcd9a32f57", "d3ed0c8f2e3bbc6b344fa63d6f933745ab394469da38db16bdddb461c7e25140", "dd5a0499abfefd087c6dd96693cbd5bfd28aa009719a7f85ab3fabe3956ef19a"]
requests-toolbelt = ["380606e1d10dc85c3bd47bf5a6095f815ec007be7a8b69c878507068df059e6f", "968089d4584ad4ad7c171454f0a5c6dac23971e9472521ea3b6d49d610aa6fc0"]
sentry-sdk = ["e308129104567cee9f8848ed5098de17cbccc19bd21417c8980d47f80f1409ec", "f5819df450d7b0696be69a0c6d70a09e4890a3844ee8ccb7a461794135bd5965"]
simplekv = ["61e6a8c8d53154033c8f97131418d0e31159d5d959a94b8f0fe5587da2d472b1", "87872911cb6299d3fe82e97674410ea4eafcad6cb59dece1b2a0588078cfadc8", "898fa9d028b542a1b3df6acce8acf5587635092da003f8d5d96528804f412c68", "cf57cebc3432a0ac3c82da80540c858243f6ddd254a271921d6a8e60245eeba7"]
six = ["3350809f0555b11f552448330d0b52d5f24c91a322ea4a15ef22629740f3761c", "d16a0141ec1a18405cd4ce8b4613101da75da0e9a7aec5bdd4fa804d0e0eba73"]
spinach = ["a8161ceed8f0f263fec3ab365ad275ce4594b4fa5c57804c4c53c3f43bc8b4a5", "c067d15fd305dccbbace0e33b9c329fd624ab75b2b8f5cc5c2488fa23a8782d7"]
sqlalchemy = ["91c54ca8345008fceaec987e10924bf07dcab36c442925357e5a467b36a38319"]
sqlalchemy-utils = ["3f1cb542cf0549a0de508d4919f3ad693a36230bf4cd13fdd6253549fec71182"]
tqdm = ["0a860bf2683fdbb4812fe539a6c22ea3f1777843ea985cb8c3807db448a0f7ab", "e288416eecd4df19d12407d0c913cbf77aa8009d7fddb18f632aded3bdbdda6b"]
twine = ["0fb0bfa3df4f62076cab5def36b1a71a2e4acb4d1fa5c97475b048117b1a6446", "d6c29c933ecfc74e9b1d9fa13aa1f87c5d5770e119f5a4ce032092f0ff5b14dc"]
urllib3 = ["b246607a25ac80bedac05c6f282e3cdaf3afb65420fd024ac94435cabe6e18d1", "dbe59173209418ae49d485b87d1681aefa36252ee85884c31346debd19463232"]
urlobject = ["47b2e20e6ab9c8366b2f4a3566b6ff4053025dad311c4bb71279bbcfa2430caa"]
walrus = ["27b12d069194dce8fa82c39a549622b5723f2532371dc0d30186603bb3c2f699"]
wcwidth = ["3df37372226d6e63e1b1e1eda15c594bca98a22d33a23832a90998faa96bc65e", "f4ebe71925af7b40a864553f761ed559b43544f8f71746c2d756c7fe788ade7c"]
webassets = ["e7d9c8887343123fd5b32309b33167428cb1318cdda97ece12d0907fd69d38db"]
webencodings = ["a0af1213f3c2226497a97e2b3aa01a7e4bee4f403f95be16fc9acd2947514a78", "b36a1c245f2d304965eb4e0a82848379241dc04b865afcc4aab16748587e1923"]
werkzeug = ["865856ebb55c4dcd0630cdd8f3331a1847a819dda7e8c750d3db6f2aa6c0209c", "a0b915f0815982fb2a09161cb8f31708052d0951c3ba433ccc5e1aa276507ca6"]
whitenoise = ["118ab3e5f815d380171b100b05b76de2a07612f422368a201a9ffdeefb2251c1", "42133ddd5229eeb6a0c9899496bdbe56c292394bf8666da77deeb27454c0456a"]
wtforms = ["0cdbac3e7f6878086c334aa25dc5a33869a3954e9d1e015130d65a69309b3b61", "e3ee092c827582c50877cdbd49e9ce6d2c5c1f6561f849b3b068c1b8029626f1"]
